
Microsoft Visual Studio Solution File, Format Version 12.00
# Visual Studio 15
VisualStudioVersion = 15.0.26730.12
MinimumVisualStudioVersion = 10.0.40219.1
Project("{8BC9CEB8-8B4A-11D0-8D11-00A0C91BC942}") = "NEToolKit", "NEToolKit\NEToolKit.vcxproj", "{25A7E3EC-FB48-44C5-935A-C44514818A24}"
EndProject
Project("{8BC9CEB8-8B4A-11D0-8D11-00A0C91BC942}") = "NEToolKitExamples", "NEToolKitExamples\NEToolKitExamples.vcxproj", "{A910E6F2-86DC-4113-A6BB-CDD1B637EA7B}"
	ProjectSection(ProjectDependencies) = postProject
		{25A7E3EC-FB48-44C5-935A-C44514818A24} = {25A7E3EC-FB48-44C5-935A-C44514818A24}
	EndProjectSection
EndProject
Global
	GlobalSection(SolutionConfigurationPlatforms) = preSolution
		Debug|x64 = Debug|x64
		Debug|x86 = Debug|x86
		Release|x64 = Release|x64
		Release|x86 = Release|x86
	EndGlobalSection
	GlobalSection(ProjectConfigurationPlatforms) = postSolution
		{25A7E3EC-FB48-44C5-935A-C44514818A24}.Debug|x64.ActiveCfg = Debug|x64
		{25A7E3EC-FB48-44C5-935A-C44514818A24}.Debug|x64.Build.0 = Debug|x64
		{25A7E3EC-FB48-44C5-935A-C44514818A24}.Debug|x86.ActiveCfg = Debug|Win32
		{25A7E3EC-FB48-44C5-935A-C44514818A24}.Debug|x86.Build.0 = Debug|Win32
		{25A7E3EC-FB48-44C5-935A-C44514818A24}.Release|x64.ActiveCfg = Release|x64
		{25A7E3EC-FB48-44C5-935A-C44514818A24}.Release|x64.Build.0 = Release|x64
		{25A7E3EC-FB48-44C5-935A-C44514818A24}.Release|x86.ActiveCfg = Release|Win32
		{25A7E3EC-FB48-44C5-935A-C44514818A24}.Release|x86.Build.0 = Release|Win32
		{A910E6F2-86DC-4113-A6BB-CDD1B637EA7B}.Debug|x64.ActiveCfg = Debug|x64
		{A910E6F2-86DC-4113-A6BB-CDD1B637EA7B}.Debug|x64.Build.0 = Debug|x64
		{A910E6F2-86DC-4113-A6BB-CDD1B637EA7B}.Debug|x86.ActiveCfg = Debug|Win32
		{A910E6F2-86DC-4113-A6BB-CDD1B637EA7B}.Debug|x86.Build.0 = Debug|Win32
		{A910E6F2-86DC-4113-A6BB-CDD1B637EA7B}.Release|x64.ActiveCfg = Release|x64
		{A910E6F2-86DC-4113-A6BB-CDD1B637EA7B}.Release|x64.Build.0 = Release|x64
		{A910E6F2-86DC-4113-A6BB-CDD1B637EA7B}.Release|x86.ActiveCfg = Release|Win32
		{A910E6F2-86DC-4113-A6BB-CDD1B637EA7B}.Release|x86.Build.0 = Release|Win32
	EndGlobalSection
	GlobalSection(SolutionProperties) = preSolution
		HideSolutionNode = FALSE
	EndGlobalSection
	GlobalSection(ExtensibilityGlobals) = postSolution
		SolutionGuid = {195EEA00-D177-414C-A05E-EB5DEFBBA901}
	EndGlobalSection
EndGlobal
