<?xml version="1.0" encoding="utf-8"?>
<Project ToolsVersion="4.0" xmlns="http://schemas.microsoft.com/developer/msbuild/2003">
  <ItemGroup>
    <Filter Include="Source Files">
      <UniqueIdentifier>{4FC737F1-C7A5-4376-A066-2A32D752A2FF}</UniqueIdentifier>
      <Extensions>cpp;c;cc;cxx;def;odl;idl;hpj;bat;asm;asmx</Extensions>
    </Filter>
    <Filter Include="Header Files">
      <UniqueIdentifier>{93995380-89BD-4b04-88EB-625FBE52EBFB}</UniqueIdentifier>
      <Extensions>h;hh;hpp;hxx;hm;inl;inc;xsd</Extensions>
    </Filter>
    <Filter Include="Resource Files">
      <UniqueIdentifier>{67DA6AB6-F800-4c08-8B7A-83BB121AAD01}</UniqueIdentifier>
      <Extensions>rc;ico;cur;bmp;dlg;rc2;rct;bin;rgs;gif;jpg;jpeg;jpe;resx;tiff;tif;png;wav;mfcribbon-ms</Extensions>
    </Filter>
    <Filter Include="Header Files\network">
      <UniqueIdentifier>{20a009d1-364a-4750-affd-03cec3353b90}</UniqueIdentifier>
    </Filter>
    <Filter Include="Source Files\network">
      <UniqueIdentifier>{530f2a9a-1687-4a3e-9f01-2cb63cd5caab}</UniqueIdentifier>
    </Filter>
    <Filter Include="Header Files\rtneat">
      <UniqueIdentifier>{1272a5cb-fe5b-48e7-b979-25a5c14f842e}</UniqueIdentifier>
    </Filter>
    <Filter Include="Header Files\neat">
      <UniqueIdentifier>{6d3311d5-617b-4cd9-b9de-56fea41b5500}</UniqueIdentifier>
    </Filter>
    <Filter Include="Source Files\neat">
      <UniqueIdentifier>{11193b6e-462b-4eb3-9127-574a28ec6673}</UniqueIdentifier>
    </Filter>
    <Filter Include="Source Files\rtneat">
      <UniqueIdentifier>{5cbe71cd-8468-49ac-9a55-2ed64717f52e}</UniqueIdentifier>
    </Filter>
  </ItemGroup>
  <ItemGroup>
    <ClInclude Include="include\netkit\network\activation_functions.h">
      <Filter>Header Files\network</Filter>
    </ClInclude>
    <ClInclude Include="include\netkit\network\link.h">
      <Filter>Header Files\network</Filter>
    </ClInclude>
    <ClInclude Include="include\netkit\network\network.h">
      <Filter>Header Files\network</Filter>
    </ClInclude>
    <ClInclude Include="include\netkit\network\network_primitive_types.h">
      <Filter>Header Files\network</Filter>
    </ClInclude>
    <ClInclude Include="include\netkit\network\neuron.h">
      <Filter>Header Files\network</Filter>
    </ClInclude>
    <ClInclude Include="include\netkit\neat\genome.h">
      <Filter>Header Files\neat</Filter>
    </ClInclude>
    <ClInclude Include="include\netkit\neat\neat_primitive_types.h">
      <Filter>Header Files\neat</Filter>
    </ClInclude>
    <ClInclude Include="include\netkit\neat\gene.h">
      <Filter>Header Files\neat</Filter>
    </ClInclude>
    <ClInclude Include="include\netkit\neat\parameters.h">
      <Filter>Header Files\neat</Filter>
    </ClInclude>
  </ItemGroup>
  <ItemGroup>
    <ClCompile Include="src\netkit\network\activation_functions.cpp">
      <Filter>Source Files\network</Filter>
    </ClCompile>
    <ClCompile Include="src\netkit\network\network.cpp">
      <Filter>Source Files\network</Filter>
    </ClCompile>
    <ClCompile Include="src\netkit\network\neuron.cpp">
      <Filter>Source Files\network</Filter>
    </ClCompile>
    <ClCompile Include="src\netkit\neat\genome.cpp">
      <Filter>Source Files\neat</Filter>
    </ClCompile>
    <ClCompile Include="src\netkit\network\link.cpp">
      <Filter>Source Files\network</Filter>
    </ClCompile>
    <ClCompile Include="src\netkit\neat\gene.cpp">
      <Filter>Source Files\neat</Filter>
    </ClCompile>
  </ItemGroup>
</Project>